// !$*UTF8*$!
{
	archiveVersion = 1;
	classes = {
	};
	objectVersion = 55;
	objects = {

/* Begin PBXBuildFile section */
		48E92E3727BF2ADE00644FD6 /* AppDelegate.swift in Sources */ = {isa = PBXBuildFile; fileRef = 48E92E3627BF2ADE00644FD6 /* AppDelegate.swift */; };
		48E92E3927BF2ADE00644FD6 /* SceneDelegate.swift in Sources */ = {isa = PBXBuildFile; fileRef = 48E92E3827BF2ADE00644FD6 /* SceneDelegate.swift */; };
		48E92E4027BF2ADF00644FD6 /* Assets.xcassets in Resources */ = {isa = PBXBuildFile; fileRef = 48E92E3F27BF2ADF00644FD6 /* Assets.xcassets */; };
		48E92E4327BF2ADF00644FD6 /* LaunchScreen.storyboard in Resources */ = {isa = PBXBuildFile; fileRef = 48E92E4127BF2ADF00644FD6 /* LaunchScreen.storyboard */; };
		48E92E4B27BF2EC500644FD6 /* MainTabBarController.swift in Sources */ = {isa = PBXBuildFile; fileRef = 48E92E4A27BF2EC500644FD6 /* MainTabBarController.swift */; };
		48E92E4E27BF2F3E00644FD6 /* HomeViewController.swift in Sources */ = {isa = PBXBuildFile; fileRef = 48E92E4D27BF2F3E00644FD6 /* HomeViewController.swift */; };
		48E92E5027BF2F7700644FD6 /* UpcommingViewController.swift in Sources */ = {isa = PBXBuildFile; fileRef = 48E92E4F27BF2F7700644FD6 /* UpcommingViewController.swift */; };
		48E92E5227BF2FA400644FD6 /* SearchController.swift in Sources */ = {isa = PBXBuildFile; fileRef = 48E92E5127BF2FA400644FD6 /* SearchController.swift */; };
		48E92E5427BF2FB400644FD6 /* DownloadViewController.swift in Sources */ = {isa = PBXBuildFile; fileRef = 48E92E5327BF2FB400644FD6 /* DownloadViewController.swift */; };
		48E92E5B27BF436C00644FD6 /* CollectionViewTableViewCell.swift in Sources */ = {isa = PBXBuildFile; fileRef = 48E92E5A27BF436C00644FD6 /* CollectionViewTableViewCell.swift */; };
		48E92E5D27BF55ED00644FD6 /* HeroHeaderUIView.swift in Sources */ = {isa = PBXBuildFile; fileRef = 48E92E5C27BF55ED00644FD6 /* HeroHeaderUIView.swift */; };
		48E92E5F27C0BF2700644FD6 /* APICaller.swift in Sources */ = {isa = PBXBuildFile; fileRef = 48E92E5E27C0BF2700644FD6 /* APICaller.swift */; };
		48E92E6127C0C2E000644FD6 /* Title.swift in Sources */ = {isa = PBXBuildFile; fileRef = 48E92E6027C0C2E000644FD6 /* Title.swift */; };
		48E92E6527C0D13E00644FD6 /* Extensions.swift in Sources */ = {isa = PBXBuildFile; fileRef = 48E92E6427C0D13E00644FD6 /* Extensions.swift */; };
		48E92E6927C0DD3800644FD6 /* TitleCollectionViewCell.swift in Sources */ = {isa = PBXBuildFile; fileRef = 48E92E6827C0DD3800644FD6 /* TitleCollectionViewCell.swift */; };
		48E92E6C27C0DE5500644FD6 /* SDWebImage in Frameworks */ = {isa = PBXBuildFile; productRef = 48E92E6B27C0DE5500644FD6 /* SDWebImage */; };
		48E92E6E27C0DE5500644FD6 /* SDWebImageMapKit in Frameworks */ = {isa = PBXBuildFile; productRef = 48E92E6D27C0DE5500644FD6 /* SDWebImageMapKit */; };
		48E92E7027C7551C00644FD6 /* TitleTableViewCell.swift in Sources */ = {isa = PBXBuildFile; fileRef = 48E92E6F27C7551C00644FD6 /* TitleTableViewCell.swift */; };
		48E92E7227C758D300644FD6 /* TitleViewModel.swift in Sources */ = {isa = PBXBuildFile; fileRef = 48E92E7127C758D300644FD6 /* TitleViewModel.swift */; };
		48E92E7427C8961F00644FD6 /* SearchResultsController.swift in Sources */ = {isa = PBXBuildFile; fileRef = 48E92E7327C8961F00644FD6 /* SearchResultsController.swift */; };
		48E92E7827C8C3F700644FD6 /* YoutubeSearchResponse.swift in Sources */ = {isa = PBXBuildFile; fileRef = 48E92E7727C8C3F700644FD6 /* YoutubeSearchResponse.swift */; };
		48E92E7A27C9FB4D00644FD6 /* TitlePreviewController.swift in Sources */ = {isa = PBXBuildFile; fileRef = 48E92E7927C9FB4D00644FD6 /* TitlePreviewController.swift */; };
		48E92E7C27C9FE0F00644FD6 /* TitlePreviewViewModel.swift in Sources */ = {isa = PBXBuildFile; fileRef = 48E92E7B27C9FE0F00644FD6 /* TitlePreviewViewModel.swift */; };
		48E92EA227CDEE4400644FD6 /* TmdbCloneModel.xcdatamodeld in Sources */ = {isa = PBXBuildFile; fileRef = 48E92EA027CDEE4400644FD6 /* TmdbCloneModel.xcdatamodeld */; };
		48E92EA427CE047200644FD6 /* DataPersistenceManager.swift in Sources */ = {isa = PBXBuildFile; fileRef = 48E92EA327CE047200644FD6 /* DataPersistenceManager.swift */; };
/* End PBXBuildFile section */

/* Begin PBXFileReference section */
		48E92E3327BF2ADE00644FD6 /* Netflix Clone.app */ = {isa = PBXFileReference; explicitFileType = wrapper.application; includeInIndex = 0; path = "Netflix Clone.app"; sourceTree = BUILT_PRODUCTS_DIR; };
		48E92E3627BF2ADE00644FD6 /* AppDelegate.swift */ = {isa = PBXFileReference; lastKnownFileType = sourcecode.swift; path = AppDelegate.swift; sourceTree = "<group>"; };
		48E92E3827BF2ADE00644FD6 /* SceneDelegate.swift */ = {isa = PBXFileReference; lastKnownFileType = sourcecode.swift; path = SceneDelegate.swift; sourceTree = "<group>"; };
		48E92E3F27BF2ADF00644FD6 /* Assets.xcassets */ = {isa = PBXFileReference; lastKnownFileType = folder.assetcatalog; path = Assets.xcassets; sourceTree = "<group>"; };
		48E92E4227BF2ADF00644FD6 /* Base */ = {isa = PBXFileReference; lastKnownFileType = file.storyboard; name = Base; path = Base.lproj/LaunchScreen.storyboard; sourceTree = "<group>"; };
		48E92E4427BF2ADF00644FD6 /* Info.plist */ = {isa = PBXFileReference; lastKnownFileType = text.plist.xml; path = Info.plist; sourceTree = "<group>"; };
		48E92E4A27BF2EC500644FD6 /* MainTabBarController.swift */ = {isa = PBXFileReference; lastKnownFileType = sourcecode.swift; path = MainTabBarController.swift; sourceTree = "<group>"; };
		48E92E4D27BF2F3E00644FD6 /* HomeViewController.swift */ = {isa = PBXFileReference; lastKnownFileType = sourcecode.swift; path = HomeViewController.swift; sourceTree = "<group>"; };
		48E92E4F27BF2F7700644FD6 /* UpcommingViewController.swift */ = {isa = PBXFileReference; lastKnownFileType = sourcecode.swift; path = UpcommingViewController.swift; sourceTree = "<group>"; };
		48E92E5127BF2FA400644FD6 /* SearchController.swift */ = {isa = PBXFileReference; lastKnownFileType = sourcecode.swift; path = SearchController.swift; sourceTree = "<group>"; };
		48E92E5327BF2FB400644FD6 /* DownloadViewController.swift */ = {isa = PBXFileReference; lastKnownFileType = sourcecode.swift; path = DownloadViewController.swift; sourceTree = "<group>"; };
		48E92E5A27BF436C00644FD6 /* CollectionViewTableViewCell.swift */ = {isa = PBXFileReference; lastKnownFileType = sourcecode.swift; path = CollectionViewTableViewCell.swift; sourceTree = "<group>"; };
		48E92E5C27BF55ED00644FD6 /* HeroHeaderUIView.swift */ = {isa = PBXFileReference; lastKnownFileType = sourcecode.swift; path = HeroHeaderUIView.swift; sourceTree = "<group>"; };
		48E92E5E27C0BF2700644FD6 /* APICaller.swift */ = {isa = PBXFileReference; lastKnownFileType = sourcecode.swift; path = APICaller.swift; sourceTree = "<group>"; };
		48E92E6027C0C2E000644FD6 /* Title.swift */ = {isa = PBXFileReference; lastKnownFileType = sourcecode.swift; path = Title.swift; sourceTree = "<group>"; };
		48E92E6427C0D13E00644FD6 /* Extensions.swift */ = {isa = PBXFileReference; lastKnownFileType = sourcecode.swift; path = Extensions.swift; sourceTree = "<group>"; };
		48E92E6827C0DD3800644FD6 /* TitleCollectionViewCell.swift */ = {isa = PBXFileReference; lastKnownFileType = sourcecode.swift; path = TitleCollectionViewCell.swift; sourceTree = "<group>"; };
		48E92E6F27C7551C00644FD6 /* TitleTableViewCell.swift */ = {isa = PBXFileReference; lastKnownFileType = sourcecode.swift; path = TitleTableViewCell.swift; sourceTree = "<group>"; };
		48E92E7127C758D300644FD6 /* TitleViewModel.swift */ = {isa = PBXFileReference; lastKnownFileType = sourcecode.swift; path = TitleViewModel.swift; sourceTree = "<group>"; };
		48E92E7327C8961F00644FD6 /* SearchResultsController.swift */ = {isa = PBXFileReference; lastKnownFileType = sourcecode.swift; path = SearchResultsController.swift; sourceTree = "<group>"; };
		48E92E7727C8C3F700644FD6 /* YoutubeSearchResponse.swift */ = {isa = PBXFileReference; lastKnownFileType = sourcecode.swift; path = YoutubeSearchResponse.swift; sourceTree = "<group>"; };
		48E92E7927C9FB4D00644FD6 /* TitlePreviewController.swift */ = {isa = PBXFileReference; lastKnownFileType = sourcecode.swift; path = TitlePreviewController.swift; sourceTree = "<group>"; };
		48E92E7B27C9FE0F00644FD6 /* TitlePreviewViewModel.swift */ = {isa = PBXFileReference; lastKnownFileType = sourcecode.swift; path = TitlePreviewViewModel.swift; sourceTree = "<group>"; };
		48E92EA127CDEE4400644FD6 /* TmdbCloneModel.xcdatamodel */ = {isa = PBXFileReference; lastKnownFileType = wrapper.xcdatamodel; path = TmdbCloneModel.xcdatamodel; sourceTree = "<group>"; };
		48E92EA327CE047200644FD6 /* DataPersistenceManager.swift */ = {isa = PBXFileReference; lastKnownFileType = sourcecode.swift; path = DataPersistenceManager.swift; sourceTree = "<group>"; };
/* End PBXFileReference section */

/* Begin PBXFrameworksBuildPhase section */
		48E92E3027BF2ADE00644FD6 /* Frameworks */ = {
			isa = PBXFrameworksBuildPhase;
			buildActionMask = 2147483647;
			files = (
				48E92E6E27C0DE5500644FD6 /* SDWebImageMapKit in Frameworks */,
				48E92E6C27C0DE5500644FD6 /* SDWebImage in Frameworks */,
			);
			runOnlyForDeploymentPostprocessing = 0;
		};
/* End PBXFrameworksBuildPhase section */

/* Begin PBXGroup section */
		48E92E2A27BF2ADE00644FD6 = {
			isa = PBXGroup;
			children = (
				48E92E3527BF2ADE00644FD6 /* Netflix Clone */,
				48E92E3427BF2ADE00644FD6 /* Products */,
			);
			sourceTree = "<group>";
		};
		48E92E3427BF2ADE00644FD6 /* Products */ = {
			isa = PBXGroup;
			children = (
				48E92E3327BF2ADE00644FD6 /* Netflix Clone.app */,
			);
			name = Products;
			sourceTree = "<group>";
		};
		48E92E3527BF2ADE00644FD6 /* Netflix Clone */ = {
			isa = PBXGroup;
			children = (
				48E92E3627BF2ADE00644FD6 /* AppDelegate.swift */,
				48E92E3827BF2ADE00644FD6 /* SceneDelegate.swift */,
				48E92E5727BF430500644FD6 /* Models */,
				48E92E5527BF42F500644FD6 /* Views */,
				48E92E5627BF42FD00644FD6 /* ViewModels */,
				48E92E4C27BF2F2F00644FD6 /* Controllers */,
				48E92E5927BF433000644FD6 /* Managers */,
				48E92E5827BF432700644FD6 /* Resources */,
				48E92E3F27BF2ADF00644FD6 /* Assets.xcassets */,
				48E92E4127BF2ADF00644FD6 /* LaunchScreen.storyboard */,
				48E92E4427BF2ADF00644FD6 /* Info.plist */,
				48E92EA027CDEE4400644FD6 /* TmdbCloneModel.xcdatamodeld */,
			);
			path = "Netflix Clone";
			sourceTree = "<group>";
		};
		48E92E4C27BF2F2F00644FD6 /* Controllers */ = {
			isa = PBXGroup;
			children = (
				48E92E4A27BF2EC500644FD6 /* MainTabBarController.swift */,
				48E92E7527C8969500644FD6 /* Core */,
				48E92E7627C896A400644FD6 /* General */,
			);
			path = Controllers;
			sourceTree = "<group>";
		};
		48E92E5527BF42F500644FD6 /* Views */ = {
			isa = PBXGroup;
			children = (
				48E92E5A27BF436C00644FD6 /* CollectionViewTableViewCell.swift */,
				48E92E5C27BF55ED00644FD6 /* HeroHeaderUIView.swift */,
				48E92E6827C0DD3800644FD6 /* TitleCollectionViewCell.swift */,
				48E92E6F27C7551C00644FD6 /* TitleTableViewCell.swift */,
			);
			path = Views;
			sourceTree = "<group>";
		};
		48E92E5627BF42FD00644FD6 /* ViewModels */ = {
			isa = PBXGroup;
			children = (
				48E92E7127C758D300644FD6 /* TitleViewModel.swift */,
				48E92E7B27C9FE0F00644FD6 /* TitlePreviewViewModel.swift */,
			);
			path = ViewModels;
			sourceTree = "<group>";
		};
		48E92E5727BF430500644FD6 /* Models */ = {
			isa = PBXGroup;
			children = (
				48E92E6027C0C2E000644FD6 /* Title.swift */,
				48E92E7727C8C3F700644FD6 /* YoutubeSearchResponse.swift */,
			);
			path = Models;
			sourceTree = "<group>";
		};
		48E92E5827BF432700644FD6 /* Resources */ = {
			isa = PBXGroup;
			children = (
				48E92E6427C0D13E00644FD6 /* Extensions.swift */,
			);
			path = Resources;
			sourceTree = "<group>";
		};
		48E92E5927BF433000644FD6 /* Managers */ = {
			isa = PBXGroup;
			children = (
				48E92E5E27C0BF2700644FD6 /* APICaller.swift */,
				48E92EA327CE047200644FD6 /* DataPersistenceManager.swift */,
			);
			path = Managers;
			sourceTree = "<group>";
		};
		48E92E7527C8969500644FD6 /* Core */ = {
			isa = PBXGroup;
			children = (
				48E92E4D27BF2F3E00644FD6 /* HomeViewController.swift */,
				48E92E4F27BF2F7700644FD6 /* UpcommingViewController.swift */,
				48E92E5127BF2FA400644FD6 /* SearchController.swift */,
				48E92E5327BF2FB400644FD6 /* DownloadViewController.swift */,
			);
			path = Core;
			sourceTree = "<group>";
		};
		48E92E7627C896A400644FD6 /* General */ = {
			isa = PBXGroup;
			children = (
				48E92E7327C8961F00644FD6 /* SearchResultsController.swift */,
				48E92E7927C9FB4D00644FD6 /* TitlePreviewController.swift */,
			);
			path = General;
			sourceTree = "<group>";
		};
/* End PBXGroup section */

/* Begin PBXNativeTarget section */
		48E92E3227BF2ADE00644FD6 /* Netflix Clone */ = {
			isa = PBXNativeTarget;
			buildConfigurationList = 48E92E4727BF2ADF00644FD6 /* Build configuration list for PBXNativeTarget "Netflix Clone" */;
			buildPhases = (
				48E92E2F27BF2ADE00644FD6 /* Sources */,
				48E92E3027BF2ADE00644FD6 /* Frameworks */,
				48E92E3127BF2ADE00644FD6 /* Resources */,
			);
			buildRules = (
			);
			dependencies = (
			);
			name = "Netflix Clone";
			packageProductDependencies = (
				48E92E6B27C0DE5500644FD6 /* SDWebImage */,
				48E92E6D27C0DE5500644FD6 /* SDWebImageMapKit */,
			);
			productName = "Netflix Clone";
			productReference = 48E92E3327BF2ADE00644FD6 /* Netflix Clone.app */;
			productType = "com.apple.product-type.application";
		};
/* End PBXNativeTarget section */

/* Begin PBXProject section */
		48E92E2B27BF2ADE00644FD6 /* Project object */ = {
			isa = PBXProject;
			attributes = {
				BuildIndependentTargetsInParallel = 1;
				LastSwiftUpdateCheck = 1320;
				LastUpgradeCheck = 1320;
				TargetAttributes = {
					48E92E3227BF2ADE00644FD6 = {
						CreatedOnToolsVersion = 13.2.1;
					};
				};
			};
			buildConfigurationList = 48E92E2E27BF2ADE00644FD6 /* Build configuration list for PBXProject "Netflix Clone" */;
			compatibilityVersion = "Xcode 13.0";
			developmentRegion = en;
			hasScannedForEncodings = 0;
			knownRegions = (
				en,
				Base,
			);
			mainGroup = 48E92E2A27BF2ADE00644FD6;
			packageReferences = (
				48E92E6A27C0DE5500644FD6 /* XCRemoteSwiftPackageReference "SDWebImage" */,
			);
			productRefGroup = 48E92E3427BF2ADE00644FD6 /* Products */;
			projectDirPath = "";
			projectRoot = "";
			targets = (
				48E92E3227BF2ADE00644FD6 /* Netflix Clone */,
			);
		};
/* End PBXProject section */

/* Begin PBXResourcesBuildPhase section */
		48E92E3127BF2ADE00644FD6 /* Resources */ = {
			isa = PBXResourcesBuildPhase;
			buildActionMask = 2147483647;
			files = (
				48E92E4327BF2ADF00644FD6 /* LaunchScreen.storyboard in Resources */,
				48E92E4027BF2ADF00644FD6 /* Assets.xcassets in Resources */,
			);
			runOnlyForDeploymentPostprocessing = 0;
		};
/* End PBXResourcesBuildPhase section */

/* Begin PBXSourcesBuildPhase section */
		48E92E2F27BF2ADE00644FD6 /* Sources */ = {
			isa = PBXSourcesBuildPhase;
			buildActionMask = 2147483647;
			files = (
				48E92E7027C7551C00644FD6 /* TitleTableViewCell.swift in Sources */,
				48E92E3727BF2ADE00644FD6 /* AppDelegate.swift in Sources */,
				48E92E6927C0DD3800644FD6 /* TitleCollectionViewCell.swift in Sources */,
				48E92EA427CE047200644FD6 /* DataPersistenceManager.swift in Sources */,
				48E92E5227BF2FA400644FD6 /* SearchController.swift in Sources */,
				48E92E7427C8961F00644FD6 /* SearchResultsController.swift in Sources */,
				48E92E5B27BF436C00644FD6 /* CollectionViewTableViewCell.swift in Sources */,
				48E92E5F27C0BF2700644FD6 /* APICaller.swift in Sources */,
				48E92E5D27BF55ED00644FD6 /* HeroHeaderUIView.swift in Sources */,
				48E92E3927BF2ADE00644FD6 /* SceneDelegate.swift in Sources */,
				48E92E5427BF2FB400644FD6 /* DownloadViewController.swift in Sources */,
				48E92E6527C0D13E00644FD6 /* Extensions.swift in Sources */,
				48E92E7827C8C3F700644FD6 /* YoutubeSearchResponse.swift in Sources */,
				48E92E5027BF2F7700644FD6 /* UpcommingViewController.swift in Sources */,
				48E92E7C27C9FE0F00644FD6 /* TitlePreviewViewModel.swift in Sources */,
				48E92E7A27C9FB4D00644FD6 /* TitlePreviewController.swift in Sources */,
				48E92E4B27BF2EC500644FD6 /* MainTabBarController.swift in Sources */,
				48E92EA227CDEE4400644FD6 /* TmdbCloneModel.xcdatamodeld in Sources */,
				48E92E6127C0C2E000644FD6 /* Title.swift in Sources */,
				48E92E4E27BF2F3E00644FD6 /* HomeViewController.swift in Sources */,
				48E92E7227C758D300644FD6 /* TitleViewModel.swift in Sources */,
			);
			runOnlyForDeploymentPostprocessing = 0;
		};
/* End PBXSourcesBuildPhase section */

/* Begin PBXVariantGroup section */
		48E92E4127BF2ADF00644FD6 /* LaunchScreen.storyboard */ = {
			isa = PBXVariantGroup;
			children = (
				48E92E4227BF2ADF00644FD6 /* Base */,
			);
			name = LaunchScreen.storyboard;
			sourceTree = "<group>";
		};
/* End PBXVariantGroup section */

/* Begin XCBuildConfiguration section */
		48E92E4527BF2ADF00644FD6 /* Debug */ = {
			isa = XCBuildConfiguration;
			buildSettings = {
				ALWAYS_SEARCH_USER_PATHS = NO;
				CLANG_ANALYZER_NONNULL = YES;
				CLANG_ANALYZER_NUMBER_OBJECT_CONVERSION = YES_AGGRESSIVE;
				CLANG_CXX_LANGUAGE_STANDARD = "gnu++17";
				CLANG_CXX_LIBRARY = "libc++";
				CLANG_ENABLE_MODULES = YES;
				CLANG_ENABLE_OBJC_ARC = YES;
				CLANG_ENABLE_OBJC_WEAK = YES;
				CLANG_WARN_BLOCK_CAPTURE_AUTORELEASING = YES;
				CLANG_WARN_BOOL_CONVERSION = YES;
				CLANG_WARN_COMMA = YES;
				CLANG_WARN_CONSTANT_CONVERSION = YES;
				CLANG_WARN_DEPRECATED_OBJC_IMPLEMENTATIONS = YES;
				CLANG_WARN_DIRECT_OBJC_ISA_USAGE = YES_ERROR;
				CLANG_WARN_DOCUMENTATION_COMMENTS = YES;
				CLANG_WARN_EMPTY_BODY = YES;
				CLANG_WARN_ENUM_CONVERSION = YES;
				CLANG_WARN_INFINITE_RECURSION = YES;
				CLANG_WARN_INT_CONVERSION = YES;
				CLANG_WARN_NON_LITERAL_NULL_CONVERSION = YES;
				CLANG_WARN_OBJC_IMPLICIT_RETAIN_SELF = YES;
				CLANG_WARN_OBJC_LITERAL_CONVERSION = YES;
				CLANG_WARN_OBJC_ROOT_CLASS = YES_ERROR;
				CLANG_WARN_QUOTED_INCLUDE_IN_FRAMEWORK_HEADER = YES;
				CLANG_WARN_RANGE_LOOP_ANALYSIS = YES;
				CLANG_WARN_STRICT_PROTOTYPES = YES;
				CLANG_WARN_SUSPICIOUS_MOVE = YES;
				CLANG_WARN_UNGUARDED_AVAILABILITY = YES_AGGRESSIVE;
				CLANG_WARN_UNREACHABLE_CODE = YES;
				CLANG_WARN__DUPLICATE_METHOD_MATCH = YES;
				COPY_PHASE_STRIP = NO;
				DEBUG_INFORMATION_FORMAT = dwarf;
				ENABLE_STRICT_OBJC_MSGSEND = YES;
				ENABLE_TESTABILITY = YES;
				GCC_C_LANGUAGE_STANDARD = gnu11;
				GCC_DYNAMIC_NO_PIC = NO;
				GCC_NO_COMMON_BLOCKS = YES;
				GCC_OPTIMIZATION_LEVEL = 0;
				GCC_PREPROCESSOR_DEFINITIONS = (
					"DEBUG=1",
					"$(inherited)",
				);
				GCC_WARN_64_TO_32_BIT_CONVERSION = YES;
				GCC_WARN_ABOUT_RETURN_TYPE = YES_ERROR;
				GCC_WARN_UNDECLARED_SELECTOR = YES;
				GCC_WARN_UNINITIALIZED_AUTOS = YES_AGGRESSIVE;
				GCC_WARN_UNUSED_FUNCTION = YES;
				GCC_WARN_UNUSED_VARIABLE = YES;
				IPHONEOS_DEPLOYMENT_TARGET = 15.2;
				MTL_ENABLE_DEBUG_INFO = INCLUDE_SOURCE;
				MTL_FAST_MATH = YES;
				ONLY_ACTIVE_ARCH = YES;
				SDKROOT = iphoneos;
				SWIFT_ACTIVE_COMPILATION_CONDITIONS = DEBUG;
				SWIFT_OPTIMIZATION_LEVEL = "-Onone";
			};
			name = Debug;
		};
		48E92E4627BF2ADF00644FD6 /* Release */ = {
			isa = XCBuildConfiguration;
			buildSettings = {
				ALWAYS_SEARCH_USER_PATHS = NO;
				CLANG_ANALYZER_NONNULL = YES;
				CLANG_ANALYZER_NUMBER_OBJECT_CONVERSION = YES_AGGRESSIVE;
				CLANG_CXX_LANGUAGE_STANDARD = "gnu++17";
				CLANG_CXX_LIBRARY = "libc++";
				CLANG_ENABLE_MODULES = YES;
				CLANG_ENABLE_OBJC_ARC = YES;
				CLANG_ENABLE_OBJC_WEAK = YES;
				CLANG_WARN_BLOCK_CAPTURE_AUTORELEASING = YES;
				CLANG_WARN_BOOL_CONVERSION = YES;
				CLANG_WARN_COMMA = YES;
				CLANG_WARN_CONSTANT_CONVERSION = YES;
				CLANG_WARN_DEPRECATED_OBJC_IMPLEMENTATIONS = YES;
				CLANG_WARN_DIRECT_OBJC_ISA_USAGE = YES_ERROR;
				CLANG_WARN_DOCUMENTATION_COMMENTS = YES;
				CLANG_WARN_EMPTY_BODY = YES;
				CLANG_WARN_ENUM_CONVERSION = YES;
				CLANG_WARN_INFINITE_RECURSION = YES;
				CLANG_WARN_INT_CONVERSION = YES;
				CLANG_WARN_NON_LITERAL_NULL_CONVERSION = YES;
				CLANG_WARN_OBJC_IMPLICIT_RETAIN_SELF = YES;
				CLANG_WARN_OBJC_LITERAL_CONVERSION = YES;
				CLANG_WARN_OBJC_ROOT_CLASS = YES_ERROR;
				CLANG_WARN_QUOTED_INCLUDE_IN_FRAMEWORK_HEADER = YES;
				CLANG_WARN_RANGE_LOOP_ANALYSIS = YES;
				CLANG_WARN_STRICT_PROTOTYPES = YES;
				CLANG_WARN_SUSPICIOUS_MOVE = YES;
				CLANG_WARN_UNGUARDED_AVAILABILITY = YES_AGGRESSIVE;
				CLANG_WARN_UNREACHABLE_CODE = YES;
				CLANG_WARN__DUPLICATE_METHOD_MATCH = YES;
				COPY_PHASE_STRIP = NO;
				DEBUG_INFORMATION_FORMAT = "dwarf-with-dsym";
				ENABLE_NS_ASSERTIONS = NO;
				ENABLE_STRICT_OBJC_MSGSEND = YES;
				GCC_C_LANGUAGE_STANDARD = gnu11;
				GCC_NO_COMMON_BLOCKS = YES;
				GCC_WARN_64_TO_32_BIT_CONVERSION = YES;
				GCC_WARN_ABOUT_RETURN_TYPE = YES_ERROR;
				GCC_WARN_UNDECLARED_SELECTOR = YES;
				GCC_WARN_UNINITIALIZED_AUTOS = YES_AGGRESSIVE;
				GCC_WARN_UNUSED_FUNCTION = YES;
				GCC_WARN_UNUSED_VARIABLE = YES;
				IPHONEOS_DEPLOYMENT_TARGET = 15.2;
				MTL_ENABLE_DEBUG_INFO = NO;
				MTL_FAST_MATH = YES;
				SDKROOT = iphoneos;
				SWIFT_COMPILATION_MODE = wholemodule;
				SWIFT_OPTIMIZATION_LEVEL = "-O";
				VALIDATE_PRODUCT = YES;
			};
			name = Release;
		};
		48E92E4827BF2ADF00644FD6 /* Debug */ = {
			isa = XCBuildConfiguration;
			buildSettings = {
				ASSETCATALOG_COMPILER_APPICON_NAME = AppIcon;
				ASSETCATALOG_COMPILER_GLOBAL_ACCENT_COLOR_NAME = AccentColor;
				CODE_SIGN_STYLE = Automatic;
				CURRENT_PROJECT_VERSION = 1;
				DEVELOPMENT_TEAM = H8YQBNNYZ2;
				GENERATE_INFOPLIST_FILE = YES;
				INFOPLIST_FILE = "Netflix Clone/Info.plist";
				INFOPLIST_KEY_UIApplicationSupportsIndirectInputEvents = YES;
				INFOPLIST_KEY_UILaunchStoryboardName = LaunchScreen;
				INFOPLIST_KEY_UISupportedInterfaceOrientations_iPad = "UIInterfaceOrientationPortrait UIInterfaceOrientationPortraitUpsideDown UIInterfaceOrientationLandscapeLeft UIInterfaceOrientationLandscapeRight";
				INFOPLIST_KEY_UISupportedInterfaceOrientations_iPhone = "UIInterfaceOrientationPortrait UIInterfaceOrientationLandscapeLeft UIInterfaceOrientationLandscapeRight";
				LD_RUNPATH_SEARCH_PATHS = (
					"$(inherited)",
					"@executable_path/Frameworks",
				);
				MARKETING_VERSION = 1.0;
				PRODUCT_BUNDLE_IDENTIFIER = "com.johnpadilla.Netflix-Clone";
				PRODUCT_NAME = "$(TARGET_NAME)";
				SWIFT_EMIT_LOC_STRINGS = YES;
				SWIFT_VERSION = 5.0;
				TARGETED_DEVICE_FAMILY = "1,2";
			};
			name = Debug;
		};
		48E92E4927BF2ADF00644FD6 /* Release */ = {
			isa = XCBuildConfiguration;
			buildSettings = {
				ASSETCATALOG_COMPILER_APPICON_NAME = AppIcon;
				ASSETCATALOG_COMPILER_GLOBAL_ACCENT_COLOR_NAME = AccentColor;
				CODE_SIGN_STYLE = Automatic;
				CURRENT_PROJECT_VERSION = 1;
				DEVELOPMENT_TEAM = H8YQBNNYZ2;
				GENERATE_INFOPLIST_FILE = YES;
				INFOPLIST_FILE = "Netflix Clone/Info.plist";
				INFOPLIST_KEY_UIApplicationSupportsIndirectInputEvents = YES;
				INFOPLIST_KEY_UILaunchStoryboardName = LaunchScreen;
				INFOPLIST_KEY_UISupportedInterfaceOrientations_iPad = "UIInterfaceOrientationPortrait UIInterfaceOrientationPortraitUpsideDown UIInterfaceOrientationLandscapeLeft UIInterfaceOrientationLandscapeRight";
				INFOPLIST_KEY_UISupportedInterfaceOrientations_iPhone = "UIInterfaceOrientationPortrait UIInterfaceOrientationLandscapeLeft UIInterfaceOrientationLandscapeRight";
				LD_RUNPATH_SEARCH_PATHS = (
					"$(inherited)",
					"@executable_path/Frameworks",
				);
				MARKETING_VERSION = 1.0;
				PRODUCT_BUNDLE_IDENTIFIER = "com.johnpadilla.Netflix-Clone";
				PRODUCT_NAME = "$(TARGET_NAME)";
				SWIFT_EMIT_LOC_STRINGS = YES;
				SWIFT_VERSION = 5.0;
				TARGETED_DEVICE_FAMILY = "1,2";
			};
			name = Release;
		};
/* End XCBuildConfiguration section */

/* Begin XCConfigurationList section */
		48E92E2E27BF2ADE00644FD6 /* Build configuration list for PBXProject "Netflix Clone" */ = {
			isa = XCConfigurationList;
			buildConfigurations = (
				48E92E4527BF2ADF00644FD6 /* Debug */,
				48E92E4627BF2ADF00644FD6 /* Release */,
			);
			defaultConfigurationIsVisible = 0;
			defaultConfigurationName = Release;
		};
		48E92E4727BF2ADF00644FD6 /* Build configuration list for PBXNativeTarget "Netflix Clone" */ = {
			isa = XCConfigurationList;
			buildConfigurations = (
				48E92E4827BF2ADF00644FD6 /* Debug */,
				48E92E4927BF2ADF00644FD6 /* Release */,
			);
			defaultConfigurationIsVisible = 0;
			defaultConfigurationName = Release;
		};
/* End XCConfigurationList section */

/* Begin XCRemoteSwiftPackageReference section */
		48E92E6A27C0DE5500644FD6 /* XCRemoteSwiftPackageReference "SDWebImage" */ = {
			isa = XCRemoteSwiftPackageReference;
			repositoryURL = "https://github.com/SDWebImage/SDWebImage.git";
			requirement = {
				kind = upToNextMajorVersion;
				minimumVersion = 5.0.0;
			};
		};
/* End XCRemoteSwiftPackageReference section */

/* Begin XCSwiftPackageProductDependency section */
		48E92E6B27C0DE5500644FD6 /* SDWebImage */ = {
			isa = XCSwiftPackageProductDependency;
			package = 48E92E6A27C0DE5500644FD6 /* XCRemoteSwiftPackageReference "SDWebImage" */;
			productName = SDWebImage;
		};
		48E92E6D27C0DE5500644FD6 /* SDWebImageMapKit */ = {
			isa = XCSwiftPackageProductDependency;
			package = 48E92E6A27C0DE5500644FD6 /* XCRemoteSwiftPackageReference "SDWebImage" */;
			productName = SDWebImageMapKit;
		};
/* End XCSwiftPackageProductDependency section */

/* Begin XCVersionGroup section */
		48E92EA027CDEE4400644FD6 /* TmdbCloneModel.xcdatamodeld */ = {
			isa = XCVersionGroup;
			children = (
				48E92EA127CDEE4400644FD6 /* TmdbCloneModel.xcdatamodel */,
			);
			currentVersion = 48E92EA127CDEE4400644FD6 /* TmdbCloneModel.xcdatamodel */;
			path = TmdbCloneModel.xcdatamodeld;
			sourceTree = "<group>";
			versionGroupType = wrapper.xcdatamodel;
		};
/* End XCVersionGroup section */
	};
	rootObject = 48E92E2B27BF2ADE00644FD6 /* Project object */;
}
